
Microsoft Visual Studio Solution File, Format Version 12.00
# Visual Studio Version 17
VisualStudioVersion = 17.2.32630.192
MinimumVisualStudioVersion = 10.0.40219.1
Project("{FAE04EC0-301F-11D3-BF4B-00C04F79EFBC}") = "Zadatak", "Zadatak\Zadatak.csproj", "{D3F47341-9A5A-4089-9D18-15A93D0757DB}"
EndProject
Global
	GlobalSection(SolutionConfigurationPlatforms) = preSolution
		Debug|Any CPU = Debug|Any CPU
		Release|Any CPU = Release|Any CPU
	EndGlobalSection
	GlobalSection(ProjectConfigurationPlatforms) = postSolution
		{D3F47341-9A5A-4089-9D18-15A93D0757DB}.Debug|Any CPU.ActiveCfg = Debug|Any CPU
		{D3F47341-9A5A-4089-9D18-15A93D0757DB}.Debug|Any CPU.Build.0 = Debug|Any CPU
		{D3F47341-9A5A-4089-9D18-15A93D0757DB}.Release|Any CPU.ActiveCfg = Release|Any CPU
		{D3F47341-9A5A-4089-9D18-15A93D0757DB}.Release|Any CPU.Build.0 = Release|Any CPU
	EndGlobalSection
	GlobalSection(SolutionProperties) = preSolution
		HideSolutionNode = FALSE
	EndGlobalSection
	GlobalSection(ExtensibilityGlobals) = postSolution
		SolutionGuid = {A307938C-5304-408F-9555-8B21AE534F71}
	EndGlobalSection
EndGlobal
